
Microsoft Visual Studio Solution File, Format Version 12.00
# Visual Studio Version 17
VisualStudioVersion = 17.7.34024.191
MinimumVisualStudioVersion = 10.0.40219.1
Project("{9A19103F-16F7-4668-BE54-9A1E7A4F7556}") = "CampIntro", "CampIntro\CampIntro.csproj", "{4DB2958C-3FAB-4776-BC04-0B64ACC1D391}"
EndProject
Project("{9A19103F-16F7-4668-BE54-9A1E7A4F7556}") = "Math", "Math\Math.csproj", "{067A426B-8D55-498B-A5BD-227B3354B40F}"
EndProject
Project("{9A19103F-16F7-4668-BE54-9A1E7A4F7556}") = "Methods", "Methods\Methods.csproj", "{0B974D7E-C43F-44F7-B46D-AAE4CFAB807F}"
EndProject
Project("{9A19103F-16F7-4668-BE54-9A1E7A4F7556}") = "OOP1", "OOP1\OOP1.csproj", "{8C70FBC9-E4A9-495F-8117-9BB5215055DA}"
EndProject
Project("{9A19103F-16F7-4668-BE54-9A1E7A4F7556}") = "Collections", "Collections\Collections.csproj", "{687BBBDF-380F-4095-8EB5-85BABC59CE29}"
EndProject
Project("{9A19103F-16F7-4668-BE54-9A1E7A4F7556}") = "GenericsIntro", "GenericsIntro\GenericsIntro.csproj", "{047D23F2-8DE4-4BE2-9F45-6B539FCCCC15}"
EndProject
Project("{9A19103F-16F7-4668-BE54-9A1E7A4F7556}") = "Constructor", "Constructor\Constructor.csproj", "{2514E0C1-BBA9-41AF-A744-9915E3E7E1BE}"
EndProject
Project("{9A19103F-16F7-4668-BE54-9A1E7A4F7556}") = "ReferenceTypes", "ReferenceTypes\ReferenceTypes.csproj", "{04DAD2C8-E021-493E-BC4E-8C82E0C07968}"
EndProject
Project("{9A19103F-16F7-4668-BE54-9A1E7A4F7556}") = "Generics", "Generics\Generics.csproj", "{06F1844F-017B-4FEF-AA86-064E66CF60F9}"
EndProject
Project("{9A19103F-16F7-4668-BE54-9A1E7A4F7556}") = "DongulerArray", "DongulerArray\DongulerArray.csproj", "{9BC27240-E074-4355-88FC-040C4EBC4FE5}"
EndProject
Project("{FAE04EC0-301F-11D3-BF4B-00C04F79EFBC}") = "YGYK4-5", "YGYK4-5\YGYK4-5.csproj", "{4D190470-3C20-4F6A-9153-2A426447AB5D}"
EndProject
Global
	GlobalSection(SolutionConfigurationPlatforms) = preSolution
		Debug|Any CPU = Debug|Any CPU
		Release|Any CPU = Release|Any CPU
	EndGlobalSection
	GlobalSection(ProjectConfigurationPlatforms) = postSolution
		{4DB2958C-3FAB-4776-BC04-0B64ACC1D391}.Debug|Any CPU.ActiveCfg = Debug|Any CPU
		{4DB2958C-3FAB-4776-BC04-0B64ACC1D391}.Debug|Any CPU.Build.0 = Debug|Any CPU
		{4DB2958C-3FAB-4776-BC04-0B64ACC1D391}.Release|Any CPU.ActiveCfg = Release|Any CPU
		{4DB2958C-3FAB-4776-BC04-0B64ACC1D391}.Release|Any CPU.Build.0 = Release|Any CPU
		{067A426B-8D55-498B-A5BD-227B3354B40F}.Debug|Any CPU.ActiveCfg = Debug|Any CPU
		{067A426B-8D55-498B-A5BD-227B3354B40F}.Debug|Any CPU.Build.0 = Debug|Any CPU
		{067A426B-8D55-498B-A5BD-227B3354B40F}.Release|Any CPU.ActiveCfg = Release|Any CPU
		{067A426B-8D55-498B-A5BD-227B3354B40F}.Release|Any CPU.Build.0 = Release|Any CPU
		{0B974D7E-C43F-44F7-B46D-AAE4CFAB807F}.Debug|Any CPU.ActiveCfg = Debug|Any CPU
		{0B974D7E-C43F-44F7-B46D-AAE4CFAB807F}.Debug|Any CPU.Build.0 = Debug|Any CPU
		{0B974D7E-C43F-44F7-B46D-AAE4CFAB807F}.Release|Any CPU.ActiveCfg = Release|Any CPU
		{0B974D7E-C43F-44F7-B46D-AAE4CFAB807F}.Release|Any CPU.Build.0 = Release|Any CPU
		{8C70FBC9-E4A9-495F-8117-9BB5215055DA}.Debug|Any CPU.ActiveCfg = Debug|Any CPU
		{8C70FBC9-E4A9-495F-8117-9BB5215055DA}.Debug|Any CPU.Build.0 = Debug|Any CPU
		{8C70FBC9-E4A9-495F-8117-9BB5215055DA}.Release|Any CPU.ActiveCfg = Release|Any CPU
		{8C70FBC9-E4A9-495F-8117-9BB5215055DA}.Release|Any CPU.Build.0 = Release|Any CPU
		{687BBBDF-380F-4095-8EB5-85BABC59CE29}.Debug|Any CPU.ActiveCfg = Debug|Any CPU
		{687BBBDF-380F-4095-8EB5-85BABC59CE29}.Debug|Any CPU.Build.0 = Debug|Any CPU
		{687BBBDF-380F-4095-8EB5-85BABC59CE29}.Release|Any CPU.ActiveCfg = Release|Any CPU
		{687BBBDF-380F-4095-8EB5-85BABC59CE29}.Release|Any CPU.Build.0 = Release|Any CPU
		{047D23F2-8DE4-4BE2-9F45-6B539FCCCC15}.Debug|Any CPU.ActiveCfg = Debug|Any CPU
		{047D23F2-8DE4-4BE2-9F45-6B539FCCCC15}.Debug|Any CPU.Build.0 = Debug|Any CPU
		{047D23F2-8DE4-4BE2-9F45-6B539FCCCC15}.Release|Any CPU.ActiveCfg = Release|Any CPU
		{047D23F2-8DE4-4BE2-9F45-6B539FCCCC15}.Release|Any CPU.Build.0 = Release|Any CPU
		{2514E0C1-BBA9-41AF-A744-9915E3E7E1BE}.Debug|Any CPU.ActiveCfg = Debug|Any CPU
		{2514E0C1-BBA9-41AF-A744-9915E3E7E1BE}.Debug|Any CPU.Build.0 = Debug|Any CPU
		{2514E0C1-BBA9-41AF-A744-9915E3E7E1BE}.Release|Any CPU.ActiveCfg = Release|Any CPU
		{2514E0C1-BBA9-41AF-A744-9915E3E7E1BE}.Release|Any CPU.Build.0 = Release|Any CPU
		{04DAD2C8-E021-493E-BC4E-8C82E0C07968}.Debug|Any CPU.ActiveCfg = Debug|Any CPU
		{04DAD2C8-E021-493E-BC4E-8C82E0C07968}.Debug|Any CPU.Build.0 = Debug|Any CPU
		{04DAD2C8-E021-493E-BC4E-8C82E0C07968}.Release|Any CPU.ActiveCfg = Release|Any CPU
		{04DAD2C8-E021-493E-BC4E-8C82E0C07968}.Release|Any CPU.Build.0 = Release|Any CPU
		{06F1844F-017B-4FEF-AA86-064E66CF60F9}.Debug|Any CPU.ActiveCfg = Debug|Any CPU
		{06F1844F-017B-4FEF-AA86-064E66CF60F9}.Debug|Any CPU.Build.0 = Debug|Any CPU
		{06F1844F-017B-4FEF-AA86-064E66CF60F9}.Release|Any CPU.ActiveCfg = Release|Any CPU
		{06F1844F-017B-4FEF-AA86-064E66CF60F9}.Release|Any CPU.Build.0 = Release|Any CPU
		{9BC27240-E074-4355-88FC-040C4EBC4FE5}.Debug|Any CPU.ActiveCfg = Debug|Any CPU
		{9BC27240-E074-4355-88FC-040C4EBC4FE5}.Debug|Any CPU.Build.0 = Debug|Any CPU
		{9BC27240-E074-4355-88FC-040C4EBC4FE5}.Release|Any CPU.ActiveCfg = Release|Any CPU
		{9BC27240-E074-4355-88FC-040C4EBC4FE5}.Release|Any CPU.Build.0 = Release|Any CPU
		{4D190470-3C20-4F6A-9153-2A426447AB5D}.Debug|Any CPU.ActiveCfg = Debug|Any CPU
		{4D190470-3C20-4F6A-9153-2A426447AB5D}.Debug|Any CPU.Build.0 = Debug|Any CPU
		{4D190470-3C20-4F6A-9153-2A426447AB5D}.Release|Any CPU.ActiveCfg = Release|Any CPU
		{4D190470-3C20-4F6A-9153-2A426447AB5D}.Release|Any CPU.Build.0 = Release|Any CPU
	EndGlobalSection
	GlobalSection(SolutionProperties) = preSolution
		HideSolutionNode = FALSE
	EndGlobalSection
	GlobalSection(ExtensibilityGlobals) = postSolution
		SolutionGuid = {268AEAA1-24C5-447F-9811-F6CC4F0B242C}
	EndGlobalSection
EndGlobal
